
Microsoft Visual Studio Solution File, Format Version 12.00
# Visual Studio Version 17
VisualStudioVersion = 17.2.32519.379
MinimumVisualStudioVersion = 10.0.40219.1
Project("{FAE04EC0-301F-11D3-BF4B-00C04F79EFBC}") = "BookStore.Api", "BookStore.Api\BookStore.Api.csproj", "{3869D24C-86EF-48B3-A726-6FA4806D5268}"
EndProject
Project("{FAE04EC0-301F-11D3-BF4B-00C04F79EFBC}") = "BookStore.Domain", "BookStore.Domain\BookStore.Domain.csproj", "{AB021496-AB3C-4795-98C4-969C5D0DEACA}"
EndProject
Project("{FAE04EC0-301F-11D3-BF4B-00C04F79EFBC}") = "Bookstore.Data.SqlServer", "Bookstore.Data.SqlServer\Bookstore.Data.SqlServer.csproj", "{8D2BBE33-6B94-4AB6-A560-32FD40D4B686}"
EndProject
Global
	GlobalSection(SolutionConfigurationPlatforms) = preSolution
		Debug|Any CPU = Debug|Any CPU
		Release|Any CPU = Release|Any CPU
	EndGlobalSection
	GlobalSection(ProjectConfigurationPlatforms) = postSolution
		{3869D24C-86EF-48B3-A726-6FA4806D5268}.Debug|Any CPU.ActiveCfg = Debug|Any CPU
		{3869D24C-86EF-48B3-A726-6FA4806D5268}.Debug|Any CPU.Build.0 = Debug|Any CPU
		{3869D24C-86EF-48B3-A726-6FA4806D5268}.Release|Any CPU.ActiveCfg = Release|Any CPU
		{3869D24C-86EF-48B3-A726-6FA4806D5268}.Release|Any CPU.Build.0 = Release|Any CPU
		{AB021496-AB3C-4795-98C4-969C5D0DEACA}.Debug|Any CPU.ActiveCfg = Debug|Any CPU
		{AB021496-AB3C-4795-98C4-969C5D0DEACA}.Debug|Any CPU.Build.0 = Debug|Any CPU
		{AB021496-AB3C-4795-98C4-969C5D0DEACA}.Release|Any CPU.ActiveCfg = Release|Any CPU
		{AB021496-AB3C-4795-98C4-969C5D0DEACA}.Release|Any CPU.Build.0 = Release|Any CPU
		{8D2BBE33-6B94-4AB6-A560-32FD40D4B686}.Debug|Any CPU.ActiveCfg = Debug|Any CPU
		{8D2BBE33-6B94-4AB6-A560-32FD40D4B686}.Debug|Any CPU.Build.0 = Debug|Any CPU
		{8D2BBE33-6B94-4AB6-A560-32FD40D4B686}.Release|Any CPU.ActiveCfg = Release|Any CPU
		{8D2BBE33-6B94-4AB6-A560-32FD40D4B686}.Release|Any CPU.Build.0 = Release|Any CPU
	EndGlobalSection
	GlobalSection(SolutionProperties) = preSolution
		HideSolutionNode = FALSE
	EndGlobalSection
	GlobalSection(ExtensibilityGlobals) = postSolution
		SolutionGuid = {AA2081E8-28D7-4E2B-81AC-BC9FFDC7C00D}
	EndGlobalSection
EndGlobal
